
Microsoft Visual Studio Solution File, Format Version 12.00
# Visual Studio Version 17
VisualStudioVersion = 17.9.34616.47
MinimumVisualStudioVersion = 10.0.40219.1
Project("{FAE04EC0-301F-11D3-BF4B-00C04F79EFBC}") = "PromodoroTimerApp", "PromodoroTimerApp\PromodoroTimerApp.csproj", "{CA12170D-F589-4A19-A538-E240E1783676}"
EndProject
Global
	GlobalSection(SolutionConfigurationPlatforms) = preSolution
		Debug|Any CPU = Debug|Any CPU
		Release|Any CPU = Release|Any CPU
	EndGlobalSection
	GlobalSection(ProjectConfigurationPlatforms) = postSolution
		{CA12170D-F589-4A19-A538-E240E1783676}.Debug|Any CPU.ActiveCfg = Debug|Any CPU
		{CA12170D-F589-4A19-A538-E240E1783676}.Debug|Any CPU.Build.0 = Debug|Any CPU
		{CA12170D-F589-4A19-A538-E240E1783676}.Release|Any CPU.ActiveCfg = Release|Any CPU
		{CA12170D-F589-4A19-A538-E240E1783676}.Release|Any CPU.Build.0 = Release|Any CPU
	EndGlobalSection
	GlobalSection(SolutionProperties) = preSolution
		HideSolutionNode = FALSE
	EndGlobalSection
	GlobalSection(ExtensibilityGlobals) = postSolution
		SolutionGuid = {DA5EC817-FBB9-405A-A69F-311324CD874B}
	EndGlobalSection
EndGlobal
